
Microsoft Visual Studio Solution File, Format Version 12.00
# Visual Studio Version 17
VisualStudioVersion = 17.0.32014.148
MinimumVisualStudioVersion = 10.0.40219.1
Project("{8BC9CEB8-8B4A-11D0-8D11-00A0C91BC942}") = "2017_5_c_p1", "2017_5_c_p1\2017_5_c_p1.vcxproj", "{DCBACEA5-2E91-4F22-A42F-4B14A2B5B4C4}"
EndProject
Global
	GlobalSection(SolutionConfigurationPlatforms) = preSolution
		Debug|x64 = Debug|x64
		Debug|x86 = Debug|x86
		Release|x64 = Release|x64
		Release|x86 = Release|x86
	EndGlobalSection
	GlobalSection(ProjectConfigurationPlatforms) = postSolution
		{DCBACEA5-2E91-4F22-A42F-4B14A2B5B4C4}.Debug|x64.ActiveCfg = Debug|x64
		{DCBACEA5-2E91-4F22-A42F-4B14A2B5B4C4}.Debug|x64.Build.0 = Debug|x64
		{DCBACEA5-2E91-4F22-A42F-4B14A2B5B4C4}.Debug|x86.ActiveCfg = Debug|Win32
		{DCBACEA5-2E91-4F22-A42F-4B14A2B5B4C4}.Debug|x86.Build.0 = Debug|Win32
		{DCBACEA5-2E91-4F22-A42F-4B14A2B5B4C4}.Release|x64.ActiveCfg = Release|x64
		{DCBACEA5-2E91-4F22-A42F-4B14A2B5B4C4}.Release|x64.Build.0 = Release|x64
		{DCBACEA5-2E91-4F22-A42F-4B14A2B5B4C4}.Release|x86.ActiveCfg = Release|Win32
		{DCBACEA5-2E91-4F22-A42F-4B14A2B5B4C4}.Release|x86.Build.0 = Release|Win32
	EndGlobalSection
	GlobalSection(SolutionProperties) = preSolution
		HideSolutionNode = FALSE
	EndGlobalSection
	GlobalSection(ExtensibilityGlobals) = postSolution
		SolutionGuid = {8051334F-5E80-4E36-A538-D8D4A120C59E}
	EndGlobalSection
EndGlobal
