
Microsoft Visual Studio Solution File, Format Version 12.00
# Visual Studio Version 17
VisualStudioVersion = 17.0.32014.148
MinimumVisualStudioVersion = 10.0.40219.1
Project("{8BC9CEB8-8B4A-11D0-8D11-00A0C91BC942}") = "2016_7_b", "2016_7_b\2016_7_b.vcxproj", "{90FD56E2-D99B-4011-87B9-866512329BD9}"
EndProject
Global
	GlobalSection(SolutionConfigurationPlatforms) = preSolution
		Debug|x64 = Debug|x64
		Debug|x86 = Debug|x86
		Release|x64 = Release|x64
		Release|x86 = Release|x86
	EndGlobalSection
	GlobalSection(ProjectConfigurationPlatforms) = postSolution
		{90FD56E2-D99B-4011-87B9-866512329BD9}.Debug|x64.ActiveCfg = Debug|x64
		{90FD56E2-D99B-4011-87B9-866512329BD9}.Debug|x64.Build.0 = Debug|x64
		{90FD56E2-D99B-4011-87B9-866512329BD9}.Debug|x86.ActiveCfg = Debug|Win32
		{90FD56E2-D99B-4011-87B9-866512329BD9}.Debug|x86.Build.0 = Debug|Win32
		{90FD56E2-D99B-4011-87B9-866512329BD9}.Release|x64.ActiveCfg = Release|x64
		{90FD56E2-D99B-4011-87B9-866512329BD9}.Release|x64.Build.0 = Release|x64
		{90FD56E2-D99B-4011-87B9-866512329BD9}.Release|x86.ActiveCfg = Release|Win32
		{90FD56E2-D99B-4011-87B9-866512329BD9}.Release|x86.Build.0 = Release|Win32
	EndGlobalSection
	GlobalSection(SolutionProperties) = preSolution
		HideSolutionNode = FALSE
	EndGlobalSection
	GlobalSection(ExtensibilityGlobals) = postSolution
		SolutionGuid = {97A3DE29-E131-42D4-92BD-7C3489FA0BAD}
	EndGlobalSection
EndGlobal
